// !$*UTF8*$!
{
	archiveVersion = 1;
	classes = {
	};
	objectVersion = 51;
	objects = {

/* Begin PBXBuildFile section */
		33FF48CCD96619357D39B44E /* Pods_NBitcoin.framework in Frameworks */ = {isa = PBXBuildFile; fileRef = EFAF23E369EA1597A56D2D4F /* Pods_NBitcoin.framework */; };
		FC319978242DDBA600588065 /* AppDelegate.swift in Sources */ = {isa = PBXBuildFile; fileRef = FC319977242DDBA600588065 /* AppDelegate.swift */; };
		FC31997A242DDBA600588065 /* SceneDelegate.swift in Sources */ = {isa = PBXBuildFile; fileRef = FC319979242DDBA600588065 /* SceneDelegate.swift */; };
		FC31997C242DDBA600588065 /* ViewController.swift in Sources */ = {isa = PBXBuildFile; fileRef = FC31997B242DDBA600588065 /* ViewController.swift */; };
		FC31997F242DDBA600588065 /* Main.storyboard in Resources */ = {isa = PBXBuildFile; fileRef = FC31997D242DDBA600588065 /* Main.storyboard */; };
		FC319981242DDBAA00588065 /* Assets.xcassets in Resources */ = {isa = PBXBuildFile; fileRef = FC319980242DDBAA00588065 /* Assets.xcassets */; };
		FC319984242DDBAA00588065 /* LaunchScreen.storyboard in Resources */ = {isa = PBXBuildFile; fileRef = FC319982242DDBAA00588065 /* LaunchScreen.storyboard */; };
		FC31998E242DF15D00588065 /* NewsBitcoin.swift in Sources */ = {isa = PBXBuildFile; fileRef = FC31998D242DF15D00588065 /* NewsBitcoin.swift */; };
		FC319990242DF17400588065 /* NewsBitcoinService.swift in Sources */ = {isa = PBXBuildFile; fileRef = FC31998F242DF17400588065 /* NewsBitcoinService.swift */; };
		FC319992242DFB3D00588065 /* NewsBitcoinTableViewCell.swift in Sources */ = {isa = PBXBuildFile; fileRef = FC319991242DFB3D00588065 /* NewsBitcoinTableViewCell.swift */; };
		FC319995242F133500588065 /* DetailViewController.swift in Sources */ = {isa = PBXBuildFile; fileRef = FC319994242F133500588065 /* DetailViewController.swift */; };
		FC3199992439CE5100588065 /* NewsManager.swift in Sources */ = {isa = PBXBuildFile; fileRef = FC3199982439CE5100588065 /* NewsManager.swift */; };
/* End PBXBuildFile section */

/* Begin PBXFileReference section */
		0110E684A6C4CC8E5A3E9102 /* Pods-NBitcoin.debug.xcconfig */ = {isa = PBXFileReference; includeInIndex = 1; lastKnownFileType = text.xcconfig; name = "Pods-NBitcoin.debug.xcconfig"; path = "Target Support Files/Pods-NBitcoin/Pods-NBitcoin.debug.xcconfig"; sourceTree = "<group>"; };
		0C934CF04EC978C0926796B9 /* Pods-NBitcoin.release.xcconfig */ = {isa = PBXFileReference; includeInIndex = 1; lastKnownFileType = text.xcconfig; name = "Pods-NBitcoin.release.xcconfig"; path = "Target Support Files/Pods-NBitcoin/Pods-NBitcoin.release.xcconfig"; sourceTree = "<group>"; };
		EFAF23E369EA1597A56D2D4F /* Pods_NBitcoin.framework */ = {isa = PBXFileReference; explicitFileType = wrapper.framework; includeInIndex = 0; path = Pods_NBitcoin.framework; sourceTree = BUILT_PRODUCTS_DIR; };
		FC319974242DDBA600588065 /* NBitcoin.app */ = {isa = PBXFileReference; explicitFileType = wrapper.application; includeInIndex = 0; path = NBitcoin.app; sourceTree = BUILT_PRODUCTS_DIR; };
		FC319977242DDBA600588065 /* AppDelegate.swift */ = {isa = PBXFileReference; lastKnownFileType = sourcecode.swift; path = AppDelegate.swift; sourceTree = "<group>"; };
		FC319979242DDBA600588065 /* SceneDelegate.swift */ = {isa = PBXFileReference; lastKnownFileType = sourcecode.swift; path = SceneDelegate.swift; sourceTree = "<group>"; };
		FC31997B242DDBA600588065 /* ViewController.swift */ = {isa = PBXFileReference; lastKnownFileType = sourcecode.swift; path = ViewController.swift; sourceTree = "<group>"; };
		FC31997E242DDBA600588065 /* Base */ = {isa = PBXFileReference; lastKnownFileType = file.storyboard; name = Base; path = Base.lproj/Main.storyboard; sourceTree = "<group>"; };
		FC319980242DDBAA00588065 /* Assets.xcassets */ = {isa = PBXFileReference; lastKnownFileType = folder.assetcatalog; path = Assets.xcassets; sourceTree = "<group>"; };
		FC319983242DDBAA00588065 /* Base */ = {isa = PBXFileReference; lastKnownFileType = file.storyboard; name = Base; path = Base.lproj/LaunchScreen.storyboard; sourceTree = "<group>"; };
		FC319985242DDBAA00588065 /* Info.plist */ = {isa = PBXFileReference; lastKnownFileType = text.plist.xml; path = Info.plist; sourceTree = "<group>"; };
		FC31998D242DF15D00588065 /* NewsBitcoin.swift */ = {isa = PBXFileReference; lastKnownFileType = sourcecode.swift; path = NewsBitcoin.swift; sourceTree = "<group>"; };
		FC31998F242DF17400588065 /* NewsBitcoinService.swift */ = {isa = PBXFileReference; lastKnownFileType = sourcecode.swift; path = NewsBitcoinService.swift; sourceTree = "<group>"; };
		FC319991242DFB3D00588065 /* NewsBitcoinTableViewCell.swift */ = {isa = PBXFileReference; lastKnownFileType = sourcecode.swift; path = NewsBitcoinTableViewCell.swift; sourceTree = "<group>"; };
		FC319994242F133500588065 /* DetailViewController.swift */ = {isa = PBXFileReference; lastKnownFileType = sourcecode.swift; path = DetailViewController.swift; sourceTree = "<group>"; };
		FC3199982439CE5100588065 /* NewsManager.swift */ = {isa = PBXFileReference; lastKnownFileType = sourcecode.swift; path = NewsManager.swift; sourceTree = "<group>"; };
/* End PBXFileReference section */

/* Begin PBXFrameworksBuildPhase section */
		FC319971242DDBA600588065 /* Frameworks */ = {
			isa = PBXFrameworksBuildPhase;
			buildActionMask = 2147483647;
			files = (
				33FF48CCD96619357D39B44E /* Pods_NBitcoin.framework in Frameworks */,
			);
			runOnlyForDeploymentPostprocessing = 0;
		};
/* End PBXFrameworksBuildPhase section */

/* Begin PBXGroup section */
		65BCAF81D8E9173CEF0E351B /* Frameworks */ = {
			isa = PBXGroup;
			children = (
				EFAF23E369EA1597A56D2D4F /* Pods_NBitcoin.framework */,
			);
			name = Frameworks;
			sourceTree = "<group>";
		};
		9A936ED9CFC61F04EB370DDF /* Pods */ = {
			isa = PBXGroup;
			children = (
				0110E684A6C4CC8E5A3E9102 /* Pods-NBitcoin.debug.xcconfig */,
				0C934CF04EC978C0926796B9 /* Pods-NBitcoin.release.xcconfig */,
			);
			path = Pods;
			sourceTree = "<group>";
		};
		FC31996B242DDBA600588065 = {
			isa = PBXGroup;
			children = (
				FC319977242DDBA600588065 /* AppDelegate.swift */,
				FC319979242DDBA600588065 /* SceneDelegate.swift */,
				FC319976242DDBA600588065 /* NBitcoin */,
				FC319975242DDBA600588065 /* Products */,
				9A936ED9CFC61F04EB370DDF /* Pods */,
				65BCAF81D8E9173CEF0E351B /* Frameworks */,
			);
			sourceTree = "<group>";
		};
		FC319975242DDBA600588065 /* Products */ = {
			isa = PBXGroup;
			children = (
				FC319974242DDBA600588065 /* NBitcoin.app */,
			);
			name = Products;
			sourceTree = "<group>";
		};
		FC319976242DDBA600588065 /* NBitcoin */ = {
			isa = PBXGroup;
			children = (
				FC3199972439CDDE00588065 /* New Group */,
				FC319993242F077400588065 /* ViewController */,
				FC31998C242DF00600588065 /* Model */,
				FC31998B242DEFFC00588065 /* Service */,
				FC31997D242DDBA600588065 /* Main.storyboard */,
				FC319980242DDBAA00588065 /* Assets.xcassets */,
				FC319982242DDBAA00588065 /* LaunchScreen.storyboard */,
				FC319985242DDBAA00588065 /* Info.plist */,
			);
			path = NBitcoin;
			sourceTree = "<group>";
		};
		FC31998B242DEFFC00588065 /* Service */ = {
			isa = PBXGroup;
			children = (
				FC31998F242DF17400588065 /* NewsBitcoinService.swift */,
				FC3199982439CE5100588065 /* NewsManager.swift */,
			);
			path = Service;
			sourceTree = "<group>";
		};
		FC31998C242DF00600588065 /* Model */ = {
			isa = PBXGroup;
			children = (
				FC31998D242DF15D00588065 /* NewsBitcoin.swift */,
			);
			path = Model;
			sourceTree = "<group>";
		};
		FC319993242F077400588065 /* ViewController */ = {
			isa = PBXGroup;
			children = (
				FC31997B242DDBA600588065 /* ViewController.swift */,
				FC319991242DFB3D00588065 /* NewsBitcoinTableViewCell.swift */,
				FC319994242F133500588065 /* DetailViewController.swift */,
			);
			path = ViewController;
			sourceTree = "<group>";
		};
		FC3199972439CDDE00588065 /* New Group */ = {
			isa = PBXGroup;
			children = (
			);
			path = "New Group";
			sourceTree = "<group>";
		};
/* End PBXGroup section */

/* Begin PBXNativeTarget section */
		FC319973242DDBA600588065 /* NBitcoin */ = {
			isa = PBXNativeTarget;
			buildConfigurationList = FC319988242DDBAA00588065 /* Build configuration list for PBXNativeTarget "NBitcoin" */;
			buildPhases = (
				F68443FDF0935F8F5EF48207 /* [CP] Check Pods Manifest.lock */,
				FC319970242DDBA600588065 /* Sources */,
				FC319971242DDBA600588065 /* Frameworks */,
				FC319972242DDBA600588065 /* Resources */,
				5DDA5867D7560726012E0985 /* [CP] Embed Pods Frameworks */,
			);
			buildRules = (
			);
			dependencies = (
			);
			name = NBitcoin;
			productName = NBitcoin;
			productReference = FC319974242DDBA600588065 /* NBitcoin.app */;
			productType = "com.apple.product-type.application";
		};
/* End PBXNativeTarget section */

/* Begin PBXProject section */
		FC31996C242DDBA600588065 /* Project object */ = {
			isa = PBXProject;
			attributes = {
				LastSwiftUpdateCheck = 1130;
				LastUpgradeCheck = 1130;
				ORGANIZATIONNAME = Chisanapong;
				TargetAttributes = {
					FC319973242DDBA600588065 = {
						CreatedOnToolsVersion = 11.3;
					};
				};
			};
			buildConfigurationList = FC31996F242DDBA600588065 /* Build configuration list for PBXProject "NBitcoin" */;
			compatibilityVersion = "Xcode 9.3";
			developmentRegion = en;
			hasScannedForEncodings = 0;
			knownRegions = (
				en,
				Base,
			);
			mainGroup = FC31996B242DDBA600588065;
			productRefGroup = FC319975242DDBA600588065 /* Products */;
			projectDirPath = "";
			projectRoot = "";
			targets = (
				FC319973242DDBA600588065 /* NBitcoin */,
			);
		};
/* End PBXProject section */

/* Begin PBXResourcesBuildPhase section */
		FC319972242DDBA600588065 /* Resources */ = {
			isa = PBXResourcesBuildPhase;
			buildActionMask = 2147483647;
			files = (
				FC319984242DDBAA00588065 /* LaunchScreen.storyboard in Resources */,
				FC319981242DDBAA00588065 /* Assets.xcassets in Resources */,
				FC31997F242DDBA600588065 /* Main.storyboard in Resources */,
			);
			runOnlyForDeploymentPostprocessing = 0;
		};
/* End PBXResourcesBuildPhase section */

/* Begin PBXShellScriptBuildPhase section */
		5DDA5867D7560726012E0985 /* [CP] Embed Pods Frameworks */ = {
			isa = PBXShellScriptBuildPhase;
			buildActionMask = 2147483647;
			files = (
			);
			inputFileListPaths = (
				"${PODS_ROOT}/Target Support Files/Pods-NBitcoin/Pods-NBitcoin-frameworks-${CONFIGURATION}-input-files.xcfilelist",
			);
			name = "[CP] Embed Pods Frameworks";
			outputFileListPaths = (
				"${PODS_ROOT}/Target Support Files/Pods-NBitcoin/Pods-NBitcoin-frameworks-${CONFIGURATION}-output-files.xcfilelist",
			);
			runOnlyForDeploymentPostprocessing = 0;
			shellPath = /bin/sh;
			shellScript = "\"${PODS_ROOT}/Target Support Files/Pods-NBitcoin/Pods-NBitcoin-frameworks.sh\"\n";
			showEnvVarsInLog = 0;
		};
		F68443FDF0935F8F5EF48207 /* [CP] Check Pods Manifest.lock */ = {
			isa = PBXShellScriptBuildPhase;
			buildActionMask = 2147483647;
			files = (
			);
			inputFileListPaths = (
			);
			inputPaths = (
				"${PODS_PODFILE_DIR_PATH}/Podfile.lock",
				"${PODS_ROOT}/Manifest.lock",
			);
			name = "[CP] Check Pods Manifest.lock";
			outputFileListPaths = (
			);
			outputPaths = (
				"$(DERIVED_FILE_DIR)/Pods-NBitcoin-checkManifestLockResult.txt",
			);
			runOnlyForDeploymentPostprocessing = 0;
			shellPath = /bin/sh;
			shellScript = "diff \"${PODS_PODFILE_DIR_PATH}/Podfile.lock\" \"${PODS_ROOT}/Manifest.lock\" > /dev/null\nif [ $? != 0 ] ; then\n    # print error to STDERR\n    echo \"error: The sandbox is not in sync with the Podfile.lock. Run 'pod install' or update your CocoaPods installation.\" >&2\n    exit 1\nfi\n# This output is used by Xcode 'outputs' to avoid re-running this script phase.\necho \"SUCCESS\" > \"${SCRIPT_OUTPUT_FILE_0}\"\n";
			showEnvVarsInLog = 0;
		};
/* End PBXShellScriptBuildPhase section */

/* Begin PBXSourcesBuildPhase section */
		FC319970242DDBA600588065 /* Sources */ = {
			isa = PBXSourcesBuildPhase;
			buildActionMask = 2147483647;
			files = (
				FC319990242DF17400588065 /* NewsBitcoinService.swift in Sources */,
				FC31997C242DDBA600588065 /* ViewController.swift in Sources */,
				FC31998E242DF15D00588065 /* NewsBitcoin.swift in Sources */,
				FC319992242DFB3D00588065 /* NewsBitcoinTableViewCell.swift in Sources */,
				FC3199992439CE5100588065 /* NewsManager.swift in Sources */,
				FC319978242DDBA600588065 /* AppDelegate.swift in Sources */,
				FC31997A242DDBA600588065 /* SceneDelegate.swift in Sources */,
				FC319995242F133500588065 /* DetailViewController.swift in Sources */,
			);
			runOnlyForDeploymentPostprocessing = 0;
		};
/* End PBXSourcesBuildPhase section */

/* Begin PBXVariantGroup section */
		FC31997D242DDBA600588065 /* Main.storyboard */ = {
			isa = PBXVariantGroup;
			children = (
				FC31997E242DDBA600588065 /* Base */,
			);
			name = Main.storyboard;
			sourceTree = "<group>";
		};
		FC319982242DDBAA00588065 /* LaunchScreen.storyboard */ = {
			isa = PBXVariantGroup;
			children = (
				FC319983242DDBAA00588065 /* Base */,
			);
			name = LaunchScreen.storyboard;
			sourceTree = "<group>";
		};
/* End PBXVariantGroup section */

/* Begin XCBuildConfiguration section */
		FC319986242DDBAA00588065 /* Debug */ = {
			isa = XCBuildConfiguration;
			buildSettings = {
				ALWAYS_SEARCH_USER_PATHS = NO;
				CLANG_ANALYZER_NONNULL = YES;
				CLANG_ANALYZER_NUMBER_OBJECT_CONVERSION = YES_AGGRESSIVE;
				CLANG_CXX_LANGUAGE_STANDARD = "gnu++14";
				CLANG_CXX_LIBRARY = "libc++";
				CLANG_ENABLE_MODULES = YES;
				CLANG_ENABLE_OBJC_ARC = YES;
				CLANG_ENABLE_OBJC_WEAK = YES;
				CLANG_WARN_BLOCK_CAPTURE_AUTORELEASING = YES;
				CLANG_WARN_BOOL_CONVERSION = YES;
				CLANG_WARN_COMMA = YES;
				CLANG_WARN_CONSTANT_CONVERSION = YES;
				CLANG_WARN_DEPRECATED_OBJC_IMPLEMENTATIONS = YES;
				CLANG_WARN_DIRECT_OBJC_ISA_USAGE = YES_ERROR;
				CLANG_WARN_DOCUMENTATION_COMMENTS = YES;
				CLANG_WARN_EMPTY_BODY = YES;
				CLANG_WARN_ENUM_CONVERSION = YES;
				CLANG_WARN_INFINITE_RECURSION = YES;
				CLANG_WARN_INT_CONVERSION = YES;
				CLANG_WARN_NON_LITERAL_NULL_CONVERSION = YES;
				CLANG_WARN_OBJC_IMPLICIT_RETAIN_SELF = YES;
				CLANG_WARN_OBJC_LITERAL_CONVERSION = YES;
				CLANG_WARN_OBJC_ROOT_CLASS = YES_ERROR;
				CLANG_WARN_RANGE_LOOP_ANALYSIS = YES;
				CLANG_WARN_STRICT_PROTOTYPES = YES;
				CLANG_WARN_SUSPICIOUS_MOVE = YES;
				CLANG_WARN_UNGUARDED_AVAILABILITY = YES_AGGRESSIVE;
				CLANG_WARN_UNREACHABLE_CODE = YES;
				CLANG_WARN__DUPLICATE_METHOD_MATCH = YES;
				COPY_PHASE_STRIP = NO;
				DEBUG_INFORMATION_FORMAT = dwarf;
				ENABLE_STRICT_OBJC_MSGSEND = YES;
				ENABLE_TESTABILITY = YES;
				GCC_C_LANGUAGE_STANDARD = gnu11;
				GCC_DYNAMIC_NO_PIC = NO;
				GCC_NO_COMMON_BLOCKS = YES;
				GCC_OPTIMIZATION_LEVEL = 0;
				GCC_PREPROCESSOR_DEFINITIONS = (
					"DEBUG=1",
					"$(inherited)",
				);
				GCC_WARN_64_TO_32_BIT_CONVERSION = YES;
				GCC_WARN_ABOUT_RETURN_TYPE = YES_ERROR;
				GCC_WARN_UNDECLARED_SELECTOR = YES;
				GCC_WARN_UNINITIALIZED_AUTOS = YES_AGGRESSIVE;
				GCC_WARN_UNUSED_FUNCTION = YES;
				GCC_WARN_UNUSED_VARIABLE = YES;
				IPHONEOS_DEPLOYMENT_TARGET = 13.2;
				MTL_ENABLE_DEBUG_INFO = INCLUDE_SOURCE;
				MTL_FAST_MATH = YES;
				ONLY_ACTIVE_ARCH = YES;
				SDKROOT = iphoneos;
				SWIFT_ACTIVE_COMPILATION_CONDITIONS = DEBUG;
				SWIFT_OPTIMIZATION_LEVEL = "-Onone";
			};
			name = Debug;
		};
		FC319987242DDBAA00588065 /* Release */ = {
			isa = XCBuildConfiguration;
			buildSettings = {
				ALWAYS_SEARCH_USER_PATHS = NO;
				CLANG_ANALYZER_NONNULL = YES;
				CLANG_ANALYZER_NUMBER_OBJECT_CONVERSION = YES_AGGRESSIVE;
				CLANG_CXX_LANGUAGE_STANDARD = "gnu++14";
				CLANG_CXX_LIBRARY = "libc++";
				CLANG_ENABLE_MODULES = YES;
				CLANG_ENABLE_OBJC_ARC = YES;
				CLANG_ENABLE_OBJC_WEAK = YES;
				CLANG_WARN_BLOCK_CAPTURE_AUTORELEASING = YES;
				CLANG_WARN_BOOL_CONVERSION = YES;
				CLANG_WARN_COMMA = YES;
				CLANG_WARN_CONSTANT_CONVERSION = YES;
				CLANG_WARN_DEPRECATED_OBJC_IMPLEMENTATIONS = YES;
				CLANG_WARN_DIRECT_OBJC_ISA_USAGE = YES_ERROR;
				CLANG_WARN_DOCUMENTATION_COMMENTS = YES;
				CLANG_WARN_EMPTY_BODY = YES;
				CLANG_WARN_ENUM_CONVERSION = YES;
				CLANG_WARN_INFINITE_RECURSION = YES;
				CLANG_WARN_INT_CONVERSION = YES;
				CLANG_WARN_NON_LITERAL_NULL_CONVERSION = YES;
				CLANG_WARN_OBJC_IMPLICIT_RETAIN_SELF = YES;
				CLANG_WARN_OBJC_LITERAL_CONVERSION = YES;
				CLANG_WARN_OBJC_ROOT_CLASS = YES_ERROR;
				CLANG_WARN_RANGE_LOOP_ANALYSIS = YES;
				CLANG_WARN_STRICT_PROTOTYPES = YES;
				CLANG_WARN_SUSPICIOUS_MOVE = YES;
				CLANG_WARN_UNGUARDED_AVAILABILITY = YES_AGGRESSIVE;
				CLANG_WARN_UNREACHABLE_CODE = YES;
				CLANG_WARN__DUPLICATE_METHOD_MATCH = YES;
				COPY_PHASE_STRIP = NO;
				DEBUG_INFORMATION_FORMAT = "dwarf-with-dsym";
				ENABLE_NS_ASSERTIONS = NO;
				ENABLE_STRICT_OBJC_MSGSEND = YES;
				GCC_C_LANGUAGE_STANDARD = gnu11;
				GCC_NO_COMMON_BLOCKS = YES;
				GCC_WARN_64_TO_32_BIT_CONVERSION = YES;
				GCC_WARN_ABOUT_RETURN_TYPE = YES_ERROR;
				GCC_WARN_UNDECLARED_SELECTOR = YES;
				GCC_WARN_UNINITIALIZED_AUTOS = YES_AGGRESSIVE;
				GCC_WARN_UNUSED_FUNCTION = YES;
				GCC_WARN_UNUSED_VARIABLE = YES;
				IPHONEOS_DEPLOYMENT_TARGET = 13.2;
				MTL_ENABLE_DEBUG_INFO = NO;
				MTL_FAST_MATH = YES;
				SDKROOT = iphoneos;
				SWIFT_COMPILATION_MODE = wholemodule;
				SWIFT_OPTIMIZATION_LEVEL = "-O";
				VALIDATE_PRODUCT = YES;
			};
			name = Release;
		};
		FC319989242DDBAA00588065 /* Debug */ = {
			isa = XCBuildConfiguration;
			baseConfigurationReference = 0110E684A6C4CC8E5A3E9102 /* Pods-NBitcoin.debug.xcconfig */;
			buildSettings = {
				ASSETCATALOG_COMPILER_APPICON_NAME = AppIcon;
				CODE_SIGN_STYLE = Automatic;
				DEVELOPMENT_TEAM = T6BDU5BT9M;
				INFOPLIST_FILE = NBitcoin/Info.plist;
				LD_RUNPATH_SEARCH_PATHS = (
					"$(inherited)",
					"@executable_path/Frameworks",
				);
				PRODUCT_BUNDLE_IDENTIFIER = com.chisanapong.NBitcoin;
				PRODUCT_NAME = "$(TARGET_NAME)";
				SWIFT_VERSION = 5.0;
				TARGETED_DEVICE_FAMILY = "1,2";
			};
			name = Debug;
		};
		FC31998A242DDBAA00588065 /* Release */ = {
			isa = XCBuildConfiguration;
			baseConfigurationReference = 0C934CF04EC978C0926796B9 /* Pods-NBitcoin.release.xcconfig */;
			buildSettings = {
				ASSETCATALOG_COMPILER_APPICON_NAME = AppIcon;
				CODE_SIGN_STYLE = Automatic;
				DEVELOPMENT_TEAM = T6BDU5BT9M;
				INFOPLIST_FILE = NBitcoin/Info.plist;
				LD_RUNPATH_SEARCH_PATHS = (
					"$(inherited)",
					"@executable_path/Frameworks",
				);
				PRODUCT_BUNDLE_IDENTIFIER = com.chisanapong.NBitcoin;
				PRODUCT_NAME = "$(TARGET_NAME)";
				SWIFT_VERSION = 5.0;
				TARGETED_DEVICE_FAMILY = "1,2";
			};
			name = Release;
		};
/* End XCBuildConfiguration section */

/* Begin XCConfigurationList section */
		FC31996F242DDBA600588065 /* Build configuration list for PBXProject "NBitcoin" */ = {
			isa = XCConfigurationList;
			buildConfigurations = (
				FC319986242DDBAA00588065 /* Debug */,
				FC319987242DDBAA00588065 /* Release */,
			);
			defaultConfigurationIsVisible = 0;
			defaultConfigurationName = Release;
		};
		FC319988242DDBAA00588065 /* Build configuration list for PBXNativeTarget "NBitcoin" */ = {
			isa = XCConfigurationList;
			buildConfigurations = (
				FC319989242DDBAA00588065 /* Debug */,
				FC31998A242DDBAA00588065 /* Release */,
			);
			defaultConfigurationIsVisible = 0;
			defaultConfigurationName = Release;
		};
/* End XCConfigurationList section */
	};
	rootObject = FC31996C242DDBA600588065 /* Project object */;
}
